
Microsoft Visual Studio Solution File, Format Version 12.00
# Visual Studio Version 16
VisualStudioVersion = 16.0.30320.27
MinimumVisualStudioVersion = 10.0.40219.1
Project("{FAE04EC0-301F-11D3-BF4B-00C04F79EFBC}") = "ProyectoTaquilla", "ProyectoTaquilla\ProyectoTaquilla.csproj", "{820B8709-FF67-4418-931B-1E471F890877}"
EndProject
Global
	GlobalSection(SolutionConfigurationPlatforms) = preSolution
		Debug|Any CPU = Debug|Any CPU
		Release|Any CPU = Release|Any CPU
	EndGlobalSection
	GlobalSection(ProjectConfigurationPlatforms) = postSolution
		{820B8709-FF67-4418-931B-1E471F890877}.Debug|Any CPU.ActiveCfg = Debug|Any CPU
		{820B8709-FF67-4418-931B-1E471F890877}.Debug|Any CPU.Build.0 = Debug|Any CPU
		{820B8709-FF67-4418-931B-1E471F890877}.Release|Any CPU.ActiveCfg = Release|Any CPU
		{820B8709-FF67-4418-931B-1E471F890877}.Release|Any CPU.Build.0 = Release|Any CPU
	EndGlobalSection
	GlobalSection(SolutionProperties) = preSolution
		HideSolutionNode = FALSE
	EndGlobalSection
	GlobalSection(ExtensibilityGlobals) = postSolution
		SolutionGuid = {19CCE2E4-7341-4346-A4F5-7438A06DE6B5}
	EndGlobalSection
EndGlobal
