
Microsoft Visual Studio Solution File, Format Version 12.00
# Visual Studio Version 16
VisualStudioVersion = 16.0.29503.13
MinimumVisualStudioVersion = 10.0.40219.1
Project("{FAE04EC0-301F-11D3-BF4B-00C04F79EFBC}") = "Taquilla", "Taquilla.csproj", "{C07B90F8-8B76-4A67-8820-5D447B35EA06}"
EndProject
Global
	GlobalSection(SolutionConfigurationPlatforms) = preSolution
		Debug|Any CPU = Debug|Any CPU
		Release|Any CPU = Release|Any CPU
	EndGlobalSection
	GlobalSection(ProjectConfigurationPlatforms) = postSolution
		{C07B90F8-8B76-4A67-8820-5D447B35EA06}.Debug|Any CPU.ActiveCfg = Debug|Any CPU
		{C07B90F8-8B76-4A67-8820-5D447B35EA06}.Debug|Any CPU.Build.0 = Debug|Any CPU
		{C07B90F8-8B76-4A67-8820-5D447B35EA06}.Release|Any CPU.ActiveCfg = Release|Any CPU
		{C07B90F8-8B76-4A67-8820-5D447B35EA06}.Release|Any CPU.Build.0 = Release|Any CPU
	EndGlobalSection
	GlobalSection(SolutionProperties) = preSolution
		HideSolutionNode = FALSE
	EndGlobalSection
	GlobalSection(ExtensibilityGlobals) = postSolution
		SolutionGuid = {F0664F10-E33E-494E-9DB6-6478505096B9}
	EndGlobalSection
EndGlobal
